
Microsoft Visual Studio Solution File, Format Version 12.00
# Visual Studio 2013
VisualStudioVersion = 12.0.40629.0
MinimumVisualStudioVersion = 10.0.40219.1
Project("{262852C6-CD72-467D-83FE-5EEB1973A190}") = "KPPhoneApp", "KPPhoneApp\KPPhoneApp.jsproj", "{3453D2BC-FC64-40EE-AFC8-ED3242368615}"
EndProject
Project("{2150E333-8FDC-42A3-9474-1A3956D46DE8}") = ".nuget", ".nuget", "{8127C149-E97F-4B73-8EB9-EE0E6C0A5613}"
	ProjectSection(SolutionItems) = preProject
		.nuget\NuGet.Config = .nuget\NuGet.Config
		.nuget\NuGet.exe = .nuget\NuGet.exe
	EndProjectSection
EndProject
Project("{FAE04EC0-301F-11D3-BF4B-00C04F79EFBC}") = "KPService.IntegrityTests", "KPService.IntegrityTests\KPService.IntegrityTests.csproj", "{3C122081-A6E2-4017-ABAA-E341D19EF595}"
EndProject
Project("{FAE04EC0-301F-11D3-BF4B-00C04F79EFBC}") = "KPLibrary", "KPLibrary\KPLibrary.csproj", "{249441EB-FE54-48AE-BA65-B39363E93D8B}"
EndProject
Project("{FAE04EC0-301F-11D3-BF4B-00C04F79EFBC}") = "KPService", "KPService\KPService.csproj", "{411D8440-FD64-495B-AB22-5A4E42BBA5FF}"
EndProject
Project("{FAE04EC0-301F-11D3-BF4B-00C04F79EFBC}") = "KPService.Tests", "KPService.Tests\KPService.Tests.csproj", "{B0DFA3B6-36A6-415F-AE04-4BB8C830610F}"
EndProject
Global
	GlobalSection(SolutionConfigurationPlatforms) = preSolution
		Debug|Android = Debug|Android
		Debug|Any CPU = Debug|Any CPU
		Debug|iOS = Debug|iOS
		Debug|Mixed Platforms = Debug|Mixed Platforms
		Debug|Windows Phone (Universal) = Debug|Windows Phone (Universal)
		Debug|Windows Phone 8 = Debug|Windows Phone 8
		Debug|Windows-AnyCPU = Debug|Windows-AnyCPU
		Debug|Windows-ARM = Debug|Windows-ARM
		Debug|Windows-x64 = Debug|Windows-x64
		Debug|Windows-x86 = Debug|Windows-x86
		Distribution|Android = Distribution|Android
		Distribution|Any CPU = Distribution|Any CPU
		Distribution|iOS = Distribution|iOS
		Distribution|Mixed Platforms = Distribution|Mixed Platforms
		Distribution|Windows Phone (Universal) = Distribution|Windows Phone (Universal)
		Distribution|Windows Phone 8 = Distribution|Windows Phone 8
		Distribution|Windows-AnyCPU = Distribution|Windows-AnyCPU
		Distribution|Windows-ARM = Distribution|Windows-ARM
		Distribution|Windows-x64 = Distribution|Windows-x64
		Distribution|Windows-x86 = Distribution|Windows-x86
		Release|Android = Release|Android
		Release|Any CPU = Release|Any CPU
		Release|iOS = Release|iOS
		Release|Mixed Platforms = Release|Mixed Platforms
		Release|Windows Phone (Universal) = Release|Windows Phone (Universal)
		Release|Windows Phone 8 = Release|Windows Phone 8
		Release|Windows-AnyCPU = Release|Windows-AnyCPU
		Release|Windows-ARM = Release|Windows-ARM
		Release|Windows-x64 = Release|Windows-x64
		Release|Windows-x86 = Release|Windows-x86
	EndGlobalSection
	GlobalSection(ProjectConfigurationPlatforms) = postSolution
		{3453D2BC-FC64-40EE-AFC8-ED3242368615}.Debug|Android.ActiveCfg = Debug|Android
		{3453D2BC-FC64-40EE-AFC8-ED3242368615}.Debug|Android.Build.0 = Debug|Android
		{3453D2BC-FC64-40EE-AFC8-ED3242368615}.Debug|Android.Deploy.0 = Debug|Android
		{3453D2BC-FC64-40EE-AFC8-ED3242368615}.Debug|Any CPU.ActiveCfg = Debug|Android
		{3453D2BC-FC64-40EE-AFC8-ED3242368615}.Debug|iOS.ActiveCfg = Debug|iOS
		{3453D2BC-FC64-40EE-AFC8-ED3242368615}.Debug|iOS.Build.0 = Debug|iOS
		{3453D2BC-FC64-40EE-AFC8-ED3242368615}.Debug|iOS.Deploy.0 = Debug|iOS
		{3453D2BC-FC64-40EE-AFC8-ED3242368615}.Debug|Mixed Platforms.ActiveCfg = Debug|Android
		{3453D2BC-FC64-40EE-AFC8-ED3242368615}.Debug|Mixed Platforms.Build.0 = Debug|Android
		{3453D2BC-FC64-40EE-AFC8-ED3242368615}.Debug|Mixed Platforms.Deploy.0 = Debug|Android
		{3453D2BC-FC64-40EE-AFC8-ED3242368615}.Debug|Windows Phone (Universal).ActiveCfg = Debug|Windows Phone (Universal)
		{3453D2BC-FC64-40EE-AFC8-ED3242368615}.Debug|Windows Phone (Universal).Build.0 = Debug|Windows Phone (Universal)
		{3453D2BC-FC64-40EE-AFC8-ED3242368615}.Debug|Windows Phone (Universal).Deploy.0 = Debug|Windows Phone (Universal)
		{3453D2BC-FC64-40EE-AFC8-ED3242368615}.Debug|Windows Phone 8.ActiveCfg = Debug|Windows Phone 8
		{3453D2BC-FC64-40EE-AFC8-ED3242368615}.Debug|Windows Phone 8.Build.0 = Debug|Windows Phone 8
		{3453D2BC-FC64-40EE-AFC8-ED3242368615}.Debug|Windows Phone 8.Deploy.0 = Debug|Windows Phone 8
		{3453D2BC-FC64-40EE-AFC8-ED3242368615}.Debug|Windows-AnyCPU.ActiveCfg = Debug|Windows-AnyCPU
		{3453D2BC-FC64-40EE-AFC8-ED3242368615}.Debug|Windows-AnyCPU.Build.0 = Debug|Windows-AnyCPU
		{3453D2BC-FC64-40EE-AFC8-ED3242368615}.Debug|Windows-AnyCPU.Deploy.0 = Debug|Windows-AnyCPU
		{3453D2BC-FC64-40EE-AFC8-ED3242368615}.Debug|Windows-ARM.ActiveCfg = Debug|Windows-ARM
		{3453D2BC-FC64-40EE-AFC8-ED3242368615}.Debug|Windows-ARM.Build.0 = Debug|Windows-ARM
		{3453D2BC-FC64-40EE-AFC8-ED3242368615}.Debug|Windows-ARM.Deploy.0 = Debug|Windows-ARM
		{3453D2BC-FC64-40EE-AFC8-ED3242368615}.Debug|Windows-x64.ActiveCfg = Debug|Windows-x64
		{3453D2BC-FC64-40EE-AFC8-ED3242368615}.Debug|Windows-x64.Build.0 = Debug|Windows-x64
		{3453D2BC-FC64-40EE-AFC8-ED3242368615}.Debug|Windows-x64.Deploy.0 = Debug|Windows-x64
		{3453D2BC-FC64-40EE-AFC8-ED3242368615}.Debug|Windows-x86.ActiveCfg = Debug|Windows-x86
		{3453D2BC-FC64-40EE-AFC8-ED3242368615}.Debug|Windows-x86.Build.0 = Debug|Windows-x86
		{3453D2BC-FC64-40EE-AFC8-ED3242368615}.Debug|Windows-x86.Deploy.0 = Debug|Windows-x86
		{3453D2BC-FC64-40EE-AFC8-ED3242368615}.Distribution|Android.ActiveCfg = Distribution|Android
		{3453D2BC-FC64-40EE-AFC8-ED3242368615}.Distribution|Android.Build.0 = Distribution|Android
		{3453D2BC-FC64-40EE-AFC8-ED3242368615}.Distribution|Android.Deploy.0 = Distribution|Android
		{3453D2BC-FC64-40EE-AFC8-ED3242368615}.Distribution|Any CPU.ActiveCfg = Distribution|Android
		{3453D2BC-FC64-40EE-AFC8-ED3242368615}.Distribution|iOS.ActiveCfg = Distribution|iOS
		{3453D2BC-FC64-40EE-AFC8-ED3242368615}.Distribution|iOS.Build.0 = Distribution|iOS
		{3453D2BC-FC64-40EE-AFC8-ED3242368615}.Distribution|iOS.Deploy.0 = Distribution|iOS
		{3453D2BC-FC64-40EE-AFC8-ED3242368615}.Distribution|Mixed Platforms.ActiveCfg = Distribution|Windows Phone (Universal)
		{3453D2BC-FC64-40EE-AFC8-ED3242368615}.Distribution|Mixed Platforms.Build.0 = Distribution|Windows Phone (Universal)
		{3453D2BC-FC64-40EE-AFC8-ED3242368615}.Distribution|Mixed Platforms.Deploy.0 = Distribution|Windows Phone (Universal)
		{3453D2BC-FC64-40EE-AFC8-ED3242368615}.Distribution|Windows Phone (Universal).ActiveCfg = Distribution|Windows Phone (Universal)
		{3453D2BC-FC64-40EE-AFC8-ED3242368615}.Distribution|Windows Phone (Universal).Build.0 = Distribution|Windows Phone (Universal)
		{3453D2BC-FC64-40EE-AFC8-ED3242368615}.Distribution|Windows Phone (Universal).Deploy.0 = Distribution|Windows Phone (Universal)
		{3453D2BC-FC64-40EE-AFC8-ED3242368615}.Distribution|Windows Phone 8.ActiveCfg = Distribution|Windows Phone 8
		{3453D2BC-FC64-40EE-AFC8-ED3242368615}.Distribution|Windows Phone 8.Build.0 = Distribution|Windows Phone 8
		{3453D2BC-FC64-40EE-AFC8-ED3242368615}.Distribution|Windows Phone 8.Deploy.0 = Distribution|Windows Phone 8
		{3453D2BC-FC64-40EE-AFC8-ED3242368615}.Distribution|Windows-AnyCPU.ActiveCfg = Distribution|Windows-AnyCPU
		{3453D2BC-FC64-40EE-AFC8-ED3242368615}.Distribution|Windows-AnyCPU.Build.0 = Distribution|Windows-AnyCPU
		{3453D2BC-FC64-40EE-AFC8-ED3242368615}.Distribution|Windows-AnyCPU.Deploy.0 = Distribution|Windows-AnyCPU
		{3453D2BC-FC64-40EE-AFC8-ED3242368615}.Distribution|Windows-ARM.ActiveCfg = Distribution|Windows-ARM
		{3453D2BC-FC64-40EE-AFC8-ED3242368615}.Distribution|Windows-ARM.Build.0 = Distribution|Windows-ARM
		{3453D2BC-FC64-40EE-AFC8-ED3242368615}.Distribution|Windows-ARM.Deploy.0 = Distribution|Windows-ARM
		{3453D2BC-FC64-40EE-AFC8-ED3242368615}.Distribution|Windows-x64.ActiveCfg = Distribution|Windows-x64
		{3453D2BC-FC64-40EE-AFC8-ED3242368615}.Distribution|Windows-x64.Build.0 = Distribution|Windows-x64
		{3453D2BC-FC64-40EE-AFC8-ED3242368615}.Distribution|Windows-x64.Deploy.0 = Distribution|Windows-x64
		{3453D2BC-FC64-40EE-AFC8-ED3242368615}.Distribution|Windows-x86.ActiveCfg = Distribution|Windows-x86
		{3453D2BC-FC64-40EE-AFC8-ED3242368615}.Distribution|Windows-x86.Build.0 = Distribution|Windows-x86
		{3453D2BC-FC64-40EE-AFC8-ED3242368615}.Distribution|Windows-x86.Deploy.0 = Distribution|Windows-x86
		{3453D2BC-FC64-40EE-AFC8-ED3242368615}.Release|Android.ActiveCfg = Release|Android
		{3453D2BC-FC64-40EE-AFC8-ED3242368615}.Release|Android.Build.0 = Release|Android
		{3453D2BC-FC64-40EE-AFC8-ED3242368615}.Release|Android.Deploy.0 = Release|Android
		{3453D2BC-FC64-40EE-AFC8-ED3242368615}.Release|Any CPU.ActiveCfg = Release|Android
		{3453D2BC-FC64-40EE-AFC8-ED3242368615}.Release|iOS.ActiveCfg = Release|iOS
		{3453D2BC-FC64-40EE-AFC8-ED3242368615}.Release|iOS.Build.0 = Release|iOS
		{3453D2BC-FC64-40EE-AFC8-ED3242368615}.Release|iOS.Deploy.0 = Release|iOS
		{3453D2BC-FC64-40EE-AFC8-ED3242368615}.Release|Mixed Platforms.ActiveCfg = Release|Android
		{3453D2BC-FC64-40EE-AFC8-ED3242368615}.Release|Mixed Platforms.Build.0 = Release|Android
		{3453D2BC-FC64-40EE-AFC8-ED3242368615}.Release|Mixed Platforms.Deploy.0 = Release|Android
		{3453D2BC-FC64-40EE-AFC8-ED3242368615}.Release|Windows Phone (Universal).ActiveCfg = Release|Windows Phone (Universal)
		{3453D2BC-FC64-40EE-AFC8-ED3242368615}.Release|Windows Phone (Universal).Build.0 = Release|Windows Phone (Universal)
		{3453D2BC-FC64-40EE-AFC8-ED3242368615}.Release|Windows Phone (Universal).Deploy.0 = Release|Windows Phone (Universal)
		{3453D2BC-FC64-40EE-AFC8-ED3242368615}.Release|Windows Phone 8.ActiveCfg = Release|Windows Phone 8
		{3453D2BC-FC64-40EE-AFC8-ED3242368615}.Release|Windows Phone 8.Build.0 = Release|Windows Phone 8
		{3453D2BC-FC64-40EE-AFC8-ED3242368615}.Release|Windows Phone 8.Deploy.0 = Release|Windows Phone 8
		{3453D2BC-FC64-40EE-AFC8-ED3242368615}.Release|Windows-AnyCPU.ActiveCfg = Release|Windows-AnyCPU
		{3453D2BC-FC64-40EE-AFC8-ED3242368615}.Release|Windows-AnyCPU.Build.0 = Release|Windows-AnyCPU
		{3453D2BC-FC64-40EE-AFC8-ED3242368615}.Release|Windows-AnyCPU.Deploy.0 = Release|Windows-AnyCPU
		{3453D2BC-FC64-40EE-AFC8-ED3242368615}.Release|Windows-ARM.ActiveCfg = Release|Windows-ARM
		{3453D2BC-FC64-40EE-AFC8-ED3242368615}.Release|Windows-ARM.Build.0 = Release|Windows-ARM
		{3453D2BC-FC64-40EE-AFC8-ED3242368615}.Release|Windows-ARM.Deploy.0 = Release|Windows-ARM
		{3453D2BC-FC64-40EE-AFC8-ED3242368615}.Release|Windows-x64.ActiveCfg = Release|Windows-x64
		{3453D2BC-FC64-40EE-AFC8-ED3242368615}.Release|Windows-x64.Build.0 = Release|Windows-x64
		{3453D2BC-FC64-40EE-AFC8-ED3242368615}.Release|Windows-x64.Deploy.0 = Release|Windows-x64
		{3453D2BC-FC64-40EE-AFC8-ED3242368615}.Release|Windows-x86.ActiveCfg = Release|Windows-x86
		{3453D2BC-FC64-40EE-AFC8-ED3242368615}.Release|Windows-x86.Build.0 = Release|Windows-x86
		{3453D2BC-FC64-40EE-AFC8-ED3242368615}.Release|Windows-x86.Deploy.0 = Release|Windows-x86
		{3C122081-A6E2-4017-ABAA-E341D19EF595}.Debug|Android.ActiveCfg = Debug|Any CPU
		{3C122081-A6E2-4017-ABAA-E341D19EF595}.Debug|Any CPU.ActiveCfg = Debug|Any CPU
		{3C122081-A6E2-4017-ABAA-E341D19EF595}.Debug|Any CPU.Build.0 = Debug|Any CPU
		{3C122081-A6E2-4017-ABAA-E341D19EF595}.Debug|iOS.ActiveCfg = Debug|Any CPU
		{3C122081-A6E2-4017-ABAA-E341D19EF595}.Debug|Mixed Platforms.ActiveCfg = Debug|Any CPU
		{3C122081-A6E2-4017-ABAA-E341D19EF595}.Debug|Mixed Platforms.Build.0 = Debug|Any CPU
		{3C122081-A6E2-4017-ABAA-E341D19EF595}.Debug|Windows Phone (Universal).ActiveCfg = Debug|Any CPU
		{3C122081-A6E2-4017-ABAA-E341D19EF595}.Debug|Windows Phone 8.ActiveCfg = Debug|Any CPU
		{3C122081-A6E2-4017-ABAA-E341D19EF595}.Debug|Windows-AnyCPU.ActiveCfg = Debug|Any CPU
		{3C122081-A6E2-4017-ABAA-E341D19EF595}.Debug|Windows-ARM.ActiveCfg = Debug|Any CPU
		{3C122081-A6E2-4017-ABAA-E341D19EF595}.Debug|Windows-x64.ActiveCfg = Debug|Any CPU
		{3C122081-A6E2-4017-ABAA-E341D19EF595}.Debug|Windows-x86.ActiveCfg = Debug|Any CPU
		{3C122081-A6E2-4017-ABAA-E341D19EF595}.Distribution|Android.ActiveCfg = Debug|Any CPU
		{3C122081-A6E2-4017-ABAA-E341D19EF595}.Distribution|Any CPU.ActiveCfg = Debug|Any CPU
		{3C122081-A6E2-4017-ABAA-E341D19EF595}.Distribution|Any CPU.Build.0 = Debug|Any CPU
		{3C122081-A6E2-4017-ABAA-E341D19EF595}.Distribution|iOS.ActiveCfg = Debug|Any CPU
		{3C122081-A6E2-4017-ABAA-E341D19EF595}.Distribution|Mixed Platforms.ActiveCfg = Debug|Any CPU
		{3C122081-A6E2-4017-ABAA-E341D19EF595}.Distribution|Mixed Platforms.Build.0 = Debug|Any CPU
		{3C122081-A6E2-4017-ABAA-E341D19EF595}.Distribution|Windows Phone (Universal).ActiveCfg = Debug|Any CPU
		{3C122081-A6E2-4017-ABAA-E341D19EF595}.Distribution|Windows Phone 8.ActiveCfg = Debug|Any CPU
		{3C122081-A6E2-4017-ABAA-E341D19EF595}.Distribution|Windows-AnyCPU.ActiveCfg = Debug|Any CPU
		{3C122081-A6E2-4017-ABAA-E341D19EF595}.Distribution|Windows-ARM.ActiveCfg = Debug|Any CPU
		{3C122081-A6E2-4017-ABAA-E341D19EF595}.Distribution|Windows-x64.ActiveCfg = Debug|Any CPU
		{3C122081-A6E2-4017-ABAA-E341D19EF595}.Distribution|Windows-x86.ActiveCfg = Debug|Any CPU
		{3C122081-A6E2-4017-ABAA-E341D19EF595}.Release|Android.ActiveCfg = Release|Any CPU
		{3C122081-A6E2-4017-ABAA-E341D19EF595}.Release|Any CPU.ActiveCfg = Release|Any CPU
		{3C122081-A6E2-4017-ABAA-E341D19EF595}.Release|Any CPU.Build.0 = Release|Any CPU
		{3C122081-A6E2-4017-ABAA-E341D19EF595}.Release|iOS.ActiveCfg = Release|Any CPU
		{3C122081-A6E2-4017-ABAA-E341D19EF595}.Release|Mixed Platforms.ActiveCfg = Release|Any CPU
		{3C122081-A6E2-4017-ABAA-E341D19EF595}.Release|Mixed Platforms.Build.0 = Release|Any CPU
		{3C122081-A6E2-4017-ABAA-E341D19EF595}.Release|Windows Phone (Universal).ActiveCfg = Release|Any CPU
		{3C122081-A6E2-4017-ABAA-E341D19EF595}.Release|Windows Phone 8.ActiveCfg = Release|Any CPU
		{3C122081-A6E2-4017-ABAA-E341D19EF595}.Release|Windows-AnyCPU.ActiveCfg = Release|Any CPU
		{3C122081-A6E2-4017-ABAA-E341D19EF595}.Release|Windows-ARM.ActiveCfg = Release|Any CPU
		{3C122081-A6E2-4017-ABAA-E341D19EF595}.Release|Windows-x64.ActiveCfg = Release|Any CPU
		{3C122081-A6E2-4017-ABAA-E341D19EF595}.Release|Windows-x86.ActiveCfg = Release|Any CPU
		{249441EB-FE54-48AE-BA65-B39363E93D8B}.Debug|Android.ActiveCfg = Debug|Any CPU
		{249441EB-FE54-48AE-BA65-B39363E93D8B}.Debug|Any CPU.ActiveCfg = Debug|Any CPU
		{249441EB-FE54-48AE-BA65-B39363E93D8B}.Debug|Any CPU.Build.0 = Debug|Any CPU
		{249441EB-FE54-48AE-BA65-B39363E93D8B}.Debug|iOS.ActiveCfg = Debug|Any CPU
		{249441EB-FE54-48AE-BA65-B39363E93D8B}.Debug|Mixed Platforms.ActiveCfg = Debug|Any CPU
		{249441EB-FE54-48AE-BA65-B39363E93D8B}.Debug|Mixed Platforms.Build.0 = Debug|Any CPU
		{249441EB-FE54-48AE-BA65-B39363E93D8B}.Debug|Windows Phone (Universal).ActiveCfg = Debug|Any CPU
		{249441EB-FE54-48AE-BA65-B39363E93D8B}.Debug|Windows Phone 8.ActiveCfg = Debug|Any CPU
		{249441EB-FE54-48AE-BA65-B39363E93D8B}.Debug|Windows-AnyCPU.ActiveCfg = Debug|Any CPU
		{249441EB-FE54-48AE-BA65-B39363E93D8B}.Debug|Windows-ARM.ActiveCfg = Debug|Any CPU
		{249441EB-FE54-48AE-BA65-B39363E93D8B}.Debug|Windows-x64.ActiveCfg = Debug|Any CPU
		{249441EB-FE54-48AE-BA65-B39363E93D8B}.Debug|Windows-x86.ActiveCfg = Debug|Any CPU
		{249441EB-FE54-48AE-BA65-B39363E93D8B}.Distribution|Android.ActiveCfg = Debug|Any CPU
		{249441EB-FE54-48AE-BA65-B39363E93D8B}.Distribution|Any CPU.ActiveCfg = Debug|Any CPU
		{249441EB-FE54-48AE-BA65-B39363E93D8B}.Distribution|Any CPU.Build.0 = Debug|Any CPU
		{249441EB-FE54-48AE-BA65-B39363E93D8B}.Distribution|iOS.ActiveCfg = Debug|Any CPU
		{249441EB-FE54-48AE-BA65-B39363E93D8B}.Distribution|Mixed Platforms.ActiveCfg = Debug|Any CPU
		{249441EB-FE54-48AE-BA65-B39363E93D8B}.Distribution|Mixed Platforms.Build.0 = Debug|Any CPU
		{249441EB-FE54-48AE-BA65-B39363E93D8B}.Distribution|Windows Phone (Universal).ActiveCfg = Debug|Any CPU
		{249441EB-FE54-48AE-BA65-B39363E93D8B}.Distribution|Windows Phone 8.ActiveCfg = Debug|Any CPU
		{249441EB-FE54-48AE-BA65-B39363E93D8B}.Distribution|Windows-AnyCPU.ActiveCfg = Debug|Any CPU
		{249441EB-FE54-48AE-BA65-B39363E93D8B}.Distribution|Windows-ARM.ActiveCfg = Debug|Any CPU
		{249441EB-FE54-48AE-BA65-B39363E93D8B}.Distribution|Windows-x64.ActiveCfg = Debug|Any CPU
		{249441EB-FE54-48AE-BA65-B39363E93D8B}.Distribution|Windows-x86.ActiveCfg = Debug|Any CPU
		{249441EB-FE54-48AE-BA65-B39363E93D8B}.Release|Android.ActiveCfg = Release|Any CPU
		{249441EB-FE54-48AE-BA65-B39363E93D8B}.Release|Any CPU.ActiveCfg = Release|Any CPU
		{249441EB-FE54-48AE-BA65-B39363E93D8B}.Release|Any CPU.Build.0 = Release|Any CPU
		{249441EB-FE54-48AE-BA65-B39363E93D8B}.Release|iOS.ActiveCfg = Release|Any CPU
		{249441EB-FE54-48AE-BA65-B39363E93D8B}.Release|Mixed Platforms.ActiveCfg = Release|Any CPU
		{249441EB-FE54-48AE-BA65-B39363E93D8B}.Release|Mixed Platforms.Build.0 = Release|Any CPU
		{249441EB-FE54-48AE-BA65-B39363E93D8B}.Release|Windows Phone (Universal).ActiveCfg = Release|Any CPU
		{249441EB-FE54-48AE-BA65-B39363E93D8B}.Release|Windows Phone 8.ActiveCfg = Release|Any CPU
		{249441EB-FE54-48AE-BA65-B39363E93D8B}.Release|Windows-AnyCPU.ActiveCfg = Release|Any CPU
		{249441EB-FE54-48AE-BA65-B39363E93D8B}.Release|Windows-ARM.ActiveCfg = Release|Any CPU
		{249441EB-FE54-48AE-BA65-B39363E93D8B}.Release|Windows-x64.ActiveCfg = Release|Any CPU
		{249441EB-FE54-48AE-BA65-B39363E93D8B}.Release|Windows-x86.ActiveCfg = Release|Any CPU
		{411D8440-FD64-495B-AB22-5A4E42BBA5FF}.Debug|Android.ActiveCfg = Debug|Any CPU
		{411D8440-FD64-495B-AB22-5A4E42BBA5FF}.Debug|Any CPU.ActiveCfg = Debug|Any CPU
		{411D8440-FD64-495B-AB22-5A4E42BBA5FF}.Debug|Any CPU.Build.0 = Debug|Any CPU
		{411D8440-FD64-495B-AB22-5A4E42BBA5FF}.Debug|iOS.ActiveCfg = Debug|Any CPU
		{411D8440-FD64-495B-AB22-5A4E42BBA5FF}.Debug|Mixed Platforms.ActiveCfg = Debug|Any CPU
		{411D8440-FD64-495B-AB22-5A4E42BBA5FF}.Debug|Mixed Platforms.Build.0 = Debug|Any CPU
		{411D8440-FD64-495B-AB22-5A4E42BBA5FF}.Debug|Windows Phone (Universal).ActiveCfg = Debug|Any CPU
		{411D8440-FD64-495B-AB22-5A4E42BBA5FF}.Debug|Windows Phone 8.ActiveCfg = Debug|Any CPU
		{411D8440-FD64-495B-AB22-5A4E42BBA5FF}.Debug|Windows-AnyCPU.ActiveCfg = Debug|Any CPU
		{411D8440-FD64-495B-AB22-5A4E42BBA5FF}.Debug|Windows-ARM.ActiveCfg = Debug|Any CPU
		{411D8440-FD64-495B-AB22-5A4E42BBA5FF}.Debug|Windows-x64.ActiveCfg = Debug|Any CPU
		{411D8440-FD64-495B-AB22-5A4E42BBA5FF}.Debug|Windows-x86.ActiveCfg = Debug|Any CPU
		{411D8440-FD64-495B-AB22-5A4E42BBA5FF}.Distribution|Android.ActiveCfg = Debug|Any CPU
		{411D8440-FD64-495B-AB22-5A4E42BBA5FF}.Distribution|Any CPU.ActiveCfg = Debug|Any CPU
		{411D8440-FD64-495B-AB22-5A4E42BBA5FF}.Distribution|Any CPU.Build.0 = Debug|Any CPU
		{411D8440-FD64-495B-AB22-5A4E42BBA5FF}.Distribution|iOS.ActiveCfg = Debug|Any CPU
		{411D8440-FD64-495B-AB22-5A4E42BBA5FF}.Distribution|Mixed Platforms.ActiveCfg = Debug|Any CPU
		{411D8440-FD64-495B-AB22-5A4E42BBA5FF}.Distribution|Mixed Platforms.Build.0 = Debug|Any CPU
		{411D8440-FD64-495B-AB22-5A4E42BBA5FF}.Distribution|Windows Phone (Universal).ActiveCfg = Debug|Any CPU
		{411D8440-FD64-495B-AB22-5A4E42BBA5FF}.Distribution|Windows Phone 8.ActiveCfg = Debug|Any CPU
		{411D8440-FD64-495B-AB22-5A4E42BBA5FF}.Distribution|Windows-AnyCPU.ActiveCfg = Debug|Any CPU
		{411D8440-FD64-495B-AB22-5A4E42BBA5FF}.Distribution|Windows-ARM.ActiveCfg = Debug|Any CPU
		{411D8440-FD64-495B-AB22-5A4E42BBA5FF}.Distribution|Windows-x64.ActiveCfg = Debug|Any CPU
		{411D8440-FD64-495B-AB22-5A4E42BBA5FF}.Distribution|Windows-x86.ActiveCfg = Debug|Any CPU
		{411D8440-FD64-495B-AB22-5A4E42BBA5FF}.Release|Android.ActiveCfg = Release|Any CPU
		{411D8440-FD64-495B-AB22-5A4E42BBA5FF}.Release|Any CPU.ActiveCfg = Release|Any CPU
		{411D8440-FD64-495B-AB22-5A4E42BBA5FF}.Release|Any CPU.Build.0 = Release|Any CPU
		{411D8440-FD64-495B-AB22-5A4E42BBA5FF}.Release|iOS.ActiveCfg = Release|Any CPU
		{411D8440-FD64-495B-AB22-5A4E42BBA5FF}.Release|Mixed Platforms.ActiveCfg = Release|Any CPU
		{411D8440-FD64-495B-AB22-5A4E42BBA5FF}.Release|Mixed Platforms.Build.0 = Release|Any CPU
		{411D8440-FD64-495B-AB22-5A4E42BBA5FF}.Release|Windows Phone (Universal).ActiveCfg = Release|Any CPU
		{411D8440-FD64-495B-AB22-5A4E42BBA5FF}.Release|Windows Phone 8.ActiveCfg = Release|Any CPU
		{411D8440-FD64-495B-AB22-5A4E42BBA5FF}.Release|Windows-AnyCPU.ActiveCfg = Release|Any CPU
		{411D8440-FD64-495B-AB22-5A4E42BBA5FF}.Release|Windows-ARM.ActiveCfg = Release|Any CPU
		{411D8440-FD64-495B-AB22-5A4E42BBA5FF}.Release|Windows-x64.ActiveCfg = Release|Any CPU
		{411D8440-FD64-495B-AB22-5A4E42BBA5FF}.Release|Windows-x86.ActiveCfg = Release|Any CPU
		{B0DFA3B6-36A6-415F-AE04-4BB8C830610F}.Debug|Android.ActiveCfg = Debug|Any CPU
		{B0DFA3B6-36A6-415F-AE04-4BB8C830610F}.Debug|Any CPU.ActiveCfg = Debug|Any CPU
		{B0DFA3B6-36A6-415F-AE04-4BB8C830610F}.Debug|Any CPU.Build.0 = Debug|Any CPU
		{B0DFA3B6-36A6-415F-AE04-4BB8C830610F}.Debug|iOS.ActiveCfg = Debug|Any CPU
		{B0DFA3B6-36A6-415F-AE04-4BB8C830610F}.Debug|Mixed Platforms.ActiveCfg = Debug|Any CPU
		{B0DFA3B6-36A6-415F-AE04-4BB8C830610F}.Debug|Mixed Platforms.Build.0 = Debug|Any CPU
		{B0DFA3B6-36A6-415F-AE04-4BB8C830610F}.Debug|Windows Phone (Universal).ActiveCfg = Debug|Any CPU
		{B0DFA3B6-36A6-415F-AE04-4BB8C830610F}.Debug|Windows Phone 8.ActiveCfg = Debug|Any CPU
		{B0DFA3B6-36A6-415F-AE04-4BB8C830610F}.Debug|Windows-AnyCPU.ActiveCfg = Debug|Any CPU
		{B0DFA3B6-36A6-415F-AE04-4BB8C830610F}.Debug|Windows-ARM.ActiveCfg = Debug|Any CPU
		{B0DFA3B6-36A6-415F-AE04-4BB8C830610F}.Debug|Windows-x64.ActiveCfg = Debug|Any CPU
		{B0DFA3B6-36A6-415F-AE04-4BB8C830610F}.Debug|Windows-x86.ActiveCfg = Debug|Any CPU
		{B0DFA3B6-36A6-415F-AE04-4BB8C830610F}.Distribution|Android.ActiveCfg = Debug|Any CPU
		{B0DFA3B6-36A6-415F-AE04-4BB8C830610F}.Distribution|Any CPU.ActiveCfg = Debug|Any CPU
		{B0DFA3B6-36A6-415F-AE04-4BB8C830610F}.Distribution|Any CPU.Build.0 = Debug|Any CPU
		{B0DFA3B6-36A6-415F-AE04-4BB8C830610F}.Distribution|iOS.ActiveCfg = Debug|Any CPU
		{B0DFA3B6-36A6-415F-AE04-4BB8C830610F}.Distribution|Mixed Platforms.ActiveCfg = Debug|Any CPU
		{B0DFA3B6-36A6-415F-AE04-4BB8C830610F}.Distribution|Mixed Platforms.Build.0 = Debug|Any CPU
		{B0DFA3B6-36A6-415F-AE04-4BB8C830610F}.Distribution|Windows Phone (Universal).ActiveCfg = Debug|Any CPU
		{B0DFA3B6-36A6-415F-AE04-4BB8C830610F}.Distribution|Windows Phone 8.ActiveCfg = Debug|Any CPU
		{B0DFA3B6-36A6-415F-AE04-4BB8C830610F}.Distribution|Windows-AnyCPU.ActiveCfg = Debug|Any CPU
		{B0DFA3B6-36A6-415F-AE04-4BB8C830610F}.Distribution|Windows-ARM.ActiveCfg = Debug|Any CPU
		{B0DFA3B6-36A6-415F-AE04-4BB8C830610F}.Distribution|Windows-x64.ActiveCfg = Debug|Any CPU
		{B0DFA3B6-36A6-415F-AE04-4BB8C830610F}.Distribution|Windows-x86.ActiveCfg = Debug|Any CPU
		{B0DFA3B6-36A6-415F-AE04-4BB8C830610F}.Release|Android.ActiveCfg = Release|Any CPU
		{B0DFA3B6-36A6-415F-AE04-4BB8C830610F}.Release|Any CPU.ActiveCfg = Release|Any CPU
		{B0DFA3B6-36A6-415F-AE04-4BB8C830610F}.Release|Any CPU.Build.0 = Release|Any CPU
		{B0DFA3B6-36A6-415F-AE04-4BB8C830610F}.Release|iOS.ActiveCfg = Release|Any CPU
		{B0DFA3B6-36A6-415F-AE04-4BB8C830610F}.Release|Mixed Platforms.ActiveCfg = Release|Any CPU
		{B0DFA3B6-36A6-415F-AE04-4BB8C830610F}.Release|Mixed Platforms.Build.0 = Release|Any CPU
		{B0DFA3B6-36A6-415F-AE04-4BB8C830610F}.Release|Windows Phone (Universal).ActiveCfg = Release|Any CPU
		{B0DFA3B6-36A6-415F-AE04-4BB8C830610F}.Release|Windows Phone 8.ActiveCfg = Release|Any CPU
		{B0DFA3B6-36A6-415F-AE04-4BB8C830610F}.Release|Windows-AnyCPU.ActiveCfg = Release|Any CPU
		{B0DFA3B6-36A6-415F-AE04-4BB8C830610F}.Release|Windows-ARM.ActiveCfg = Release|Any CPU
		{B0DFA3B6-36A6-415F-AE04-4BB8C830610F}.Release|Windows-x64.ActiveCfg = Release|Any CPU
		{B0DFA3B6-36A6-415F-AE04-4BB8C830610F}.Release|Windows-x86.ActiveCfg = Release|Any CPU
	EndGlobalSection
	GlobalSection(SolutionProperties) = preSolution
		HideSolutionNode = FALSE
	EndGlobalSection
EndGlobal
